
Microsoft Visual Studio Solution File, Format Version 12.00
# Visual Studio 15
VisualStudioVersion = 15.0.26228.4
MinimumVisualStudioVersion = 10.0.40219.1
Project("{FAE04EC0-301F-11D3-BF4B-00C04F79EFBC}") = "Stringify", "Stringify.csproj", "{C66B1953-134E-4256-9980-553474B994B2}"
EndProject
Project("{FAE04EC0-301F-11D3-BF4B-00C04F79EFBC}") = "StringifyUnitTest", "..\StringifyUnitTest\StringifyUnitTest.csproj", "{7268C534-8E1C-4CFB-B4CC-CCD9EE1A8D54}"
EndProject
Global
	GlobalSection(SolutionConfigurationPlatforms) = preSolution
		Debug|Any CPU = Debug|Any CPU
		Release|Any CPU = Release|Any CPU
	EndGlobalSection
	GlobalSection(ProjectConfigurationPlatforms) = postSolution
		{C66B1953-134E-4256-9980-553474B994B2}.Debug|Any CPU.ActiveCfg = Debug|Any CPU
		{C66B1953-134E-4256-9980-553474B994B2}.Debug|Any CPU.Build.0 = Debug|Any CPU
		{C66B1953-134E-4256-9980-553474B994B2}.Release|Any CPU.ActiveCfg = Release|Any CPU
		{C66B1953-134E-4256-9980-553474B994B2}.Release|Any CPU.Build.0 = Release|Any CPU
		{7268C534-8E1C-4CFB-B4CC-CCD9EE1A8D54}.Debug|Any CPU.ActiveCfg = Debug|Any CPU
		{7268C534-8E1C-4CFB-B4CC-CCD9EE1A8D54}.Debug|Any CPU.Build.0 = Debug|Any CPU
		{7268C534-8E1C-4CFB-B4CC-CCD9EE1A8D54}.Release|Any CPU.ActiveCfg = Release|Any CPU
		{7268C534-8E1C-4CFB-B4CC-CCD9EE1A8D54}.Release|Any CPU.Build.0 = Release|Any CPU
	EndGlobalSection
	GlobalSection(SolutionProperties) = preSolution
		HideSolutionNode = FALSE
	EndGlobalSection
EndGlobal
